
Microsoft Visual Studio Solution File, Format Version 12.00
# Visual Studio 15
Project("{FAE04EC0-301F-11D3-BF4B-00C04F79EFBC}") = "UnityEngine.UI", "UnityEngine.UI.csproj", "{AED2FB80-335F-E1BE-8686-B07C9DBEAE6F}"
EndProject
Project("{FAE04EC0-301F-11D3-BF4B-00C04F79EFBC}") = "Assembly-CSharp", "Assembly-CSharp.csproj", "{F06335EB-A7A1-34C9-D2DC-F892A709EDC4}"
EndProject
Project("{FAE04EC0-301F-11D3-BF4B-00C04F79EFBC}") = "UnityEditor.UI", "UnityEditor.UI.csproj", "{AA83ED9B-3CA5-B93E-D996-531DA7E1FC1C}"
EndProject
Global
	GlobalSection(SolutionConfigurationPlatforms) = preSolution
		Debug|Any CPU = Debug|Any CPU
		Release|Any CPU = Release|Any CPU
	EndGlobalSection
	GlobalSection(ProjectConfigurationPlatforms) = postSolution
		{AED2FB80-335F-E1BE-8686-B07C9DBEAE6F}.Debug|Any CPU.ActiveCfg = Debug|Any CPU
		{AED2FB80-335F-E1BE-8686-B07C9DBEAE6F}.Debug|Any CPU.Build.0 = Debug|Any CPU
		{AED2FB80-335F-E1BE-8686-B07C9DBEAE6F}.Release|Any CPU.ActiveCfg = Release|Any CPU
		{AED2FB80-335F-E1BE-8686-B07C9DBEAE6F}.Release|Any CPU.Build.0 = Release|Any CPU
		{F06335EB-A7A1-34C9-D2DC-F892A709EDC4}.Debug|Any CPU.ActiveCfg = Debug|Any CPU
		{F06335EB-A7A1-34C9-D2DC-F892A709EDC4}.Debug|Any CPU.Build.0 = Debug|Any CPU
		{F06335EB-A7A1-34C9-D2DC-F892A709EDC4}.Release|Any CPU.ActiveCfg = Release|Any CPU
		{F06335EB-A7A1-34C9-D2DC-F892A709EDC4}.Release|Any CPU.Build.0 = Release|Any CPU
		{AA83ED9B-3CA5-B93E-D996-531DA7E1FC1C}.Debug|Any CPU.ActiveCfg = Debug|Any CPU
		{AA83ED9B-3CA5-B93E-D996-531DA7E1FC1C}.Debug|Any CPU.Build.0 = Debug|Any CPU
		{AA83ED9B-3CA5-B93E-D996-531DA7E1FC1C}.Release|Any CPU.ActiveCfg = Release|Any CPU
		{AA83ED9B-3CA5-B93E-D996-531DA7E1FC1C}.Release|Any CPU.Build.0 = Release|Any CPU
	EndGlobalSection
	GlobalSection(SolutionProperties) = preSolution
		HideSolutionNode = FALSE
	EndGlobalSection
EndGlobal
